
Microsoft Visual Studio Solution File, Format Version 12.00
# Visual Studio Version 17
VisualStudioVersion = 17.0.31912.275
MinimumVisualStudioVersion = 10.0.40219.1
Project("{FAE04EC0-301F-11D3-BF4B-00C04F79EFBC}") = "NGL.LinkBot.CLI", "NGL.LinkBot.CLI\NGL.LinkBot.CLI.csproj", "{08EAACA5-8CF6-4F33-B1BA-17C85E91E230}"
EndProject
Project("{FAE04EC0-301F-11D3-BF4B-00C04F79EFBC}") = "NGL.LinkBot.Core", "NGL.LinkBot.Core\NGL.LinkBot.Core.csproj", "{5DE3A9B6-855F-4C15-8EC5-93B369B90C89}"
EndProject
Global
	GlobalSection(SolutionConfigurationPlatforms) = preSolution
		Debug|Any CPU = Debug|Any CPU
		Release|Any CPU = Release|Any CPU
	EndGlobalSection
	GlobalSection(ProjectConfigurationPlatforms) = postSolution
		{08EAACA5-8CF6-4F33-B1BA-17C85E91E230}.Debug|Any CPU.ActiveCfg = Debug|Any CPU
		{08EAACA5-8CF6-4F33-B1BA-17C85E91E230}.Debug|Any CPU.Build.0 = Debug|Any CPU
		{08EAACA5-8CF6-4F33-B1BA-17C85E91E230}.Release|Any CPU.ActiveCfg = Release|Any CPU
		{08EAACA5-8CF6-4F33-B1BA-17C85E91E230}.Release|Any CPU.Build.0 = Release|Any CPU
		{5DE3A9B6-855F-4C15-8EC5-93B369B90C89}.Debug|Any CPU.ActiveCfg = Debug|Any CPU
		{5DE3A9B6-855F-4C15-8EC5-93B369B90C89}.Debug|Any CPU.Build.0 = Debug|Any CPU
		{5DE3A9B6-855F-4C15-8EC5-93B369B90C89}.Release|Any CPU.ActiveCfg = Release|Any CPU
		{5DE3A9B6-855F-4C15-8EC5-93B369B90C89}.Release|Any CPU.Build.0 = Release|Any CPU
	EndGlobalSection
	GlobalSection(SolutionProperties) = preSolution
		HideSolutionNode = FALSE
	EndGlobalSection
	GlobalSection(ExtensibilityGlobals) = postSolution
		SolutionGuid = {35245883-AD21-4C2A-B91B-6876D56AA20B}
	EndGlobalSection
EndGlobal
